
Microsoft Visual Studio Solution File, Format Version 12.00
# Visual Studio 14
VisualStudioVersion = 14.0.23107.0
MinimumVisualStudioVersion = 10.0.40219.1
Project("{FAE04EC0-301F-11D3-BF4B-00C04F79EFBC}") = "RPNCalculator", "RPNCalculator\RPNCalculator.csproj", "{45B025A4-4981-4089-9E54-47FEE3EBE0FF}"
EndProject
Project("{FAE04EC0-301F-11D3-BF4B-00C04F79EFBC}") = "RPNCalculator.Tests", "RPNCalculator.Tests\RPNCalculator.Tests.csproj", "{C582FA33-B6AD-42C6-84C5-6904D4D312E4}"
EndProject
Global
	GlobalSection(SolutionConfigurationPlatforms) = preSolution
		Debug|Any CPU = Debug|Any CPU
		Release|Any CPU = Release|Any CPU
	EndGlobalSection
	GlobalSection(ProjectConfigurationPlatforms) = postSolution
		{45B025A4-4981-4089-9E54-47FEE3EBE0FF}.Debug|Any CPU.ActiveCfg = Debug|Any CPU
		{45B025A4-4981-4089-9E54-47FEE3EBE0FF}.Debug|Any CPU.Build.0 = Debug|Any CPU
		{45B025A4-4981-4089-9E54-47FEE3EBE0FF}.Release|Any CPU.ActiveCfg = Release|Any CPU
		{45B025A4-4981-4089-9E54-47FEE3EBE0FF}.Release|Any CPU.Build.0 = Release|Any CPU
		{C582FA33-B6AD-42C6-84C5-6904D4D312E4}.Debug|Any CPU.ActiveCfg = Debug|Any CPU
		{C582FA33-B6AD-42C6-84C5-6904D4D312E4}.Debug|Any CPU.Build.0 = Debug|Any CPU
		{C582FA33-B6AD-42C6-84C5-6904D4D312E4}.Release|Any CPU.ActiveCfg = Release|Any CPU
		{C582FA33-B6AD-42C6-84C5-6904D4D312E4}.Release|Any CPU.Build.0 = Release|Any CPU
	EndGlobalSection
	GlobalSection(SolutionProperties) = preSolution
		HideSolutionNode = FALSE
	EndGlobalSection
EndGlobal
